// !$*UTF8*$!
{
	archiveVersion = 1;
	classes = {
	};
	objectVersion = 46;
	objects = {

/* Begin PBXBuildFile section */
		07332F0B1EB183D700C71033 /* GamePickerViewController.swift in Sources */ = {isa = PBXBuildFile; fileRef = 07332F0A1EB183D700C71033 /* GamePickerViewController.swift */; };
		07EDD2811EB07C7700D4BE50 /* AppDelegate.swift in Sources */ = {isa = PBXBuildFile; fileRef = 07EDD2801EB07C7700D4BE50 /* AppDelegate.swift */; };
		07EDD2831EB07C7700D4BE50 /* ViewController.swift in Sources */ = {isa = PBXBuildFile; fileRef = 07EDD2821EB07C7700D4BE50 /* ViewController.swift */; };
		07EDD2861EB07C7700D4BE50 /* Main.storyboard in Resources */ = {isa = PBXBuildFile; fileRef = 07EDD2841EB07C7700D4BE50 /* Main.storyboard */; };
		07EDD2881EB07C7700D4BE50 /* Assets.xcassets in Resources */ = {isa = PBXBuildFile; fileRef = 07EDD2871EB07C7700D4BE50 /* Assets.xcassets */; };
		07EDD28B1EB07C7700D4BE50 /* LaunchScreen.storyboard in Resources */ = {isa = PBXBuildFile; fileRef = 07EDD2891EB07C7700D4BE50 /* LaunchScreen.storyboard */; };
		07EDD2931EB0944500D4BE50 /* PlayersViewController.swift in Sources */ = {isa = PBXBuildFile; fileRef = 07EDD2921EB0944500D4BE50 /* PlayersViewController.swift */; };
		07EDD2951EB094F700D4BE50 /* Player.swift in Sources */ = {isa = PBXBuildFile; fileRef = 07EDD2941EB094F700D4BE50 /* Player.swift */; };
		07EDD2971EB0A06700D4BE50 /* PlayerCell.swift in Sources */ = {isa = PBXBuildFile; fileRef = 07EDD2961EB0A06700D4BE50 /* PlayerCell.swift */; };
		DFE9AD791EB0DF6900DEDE8D /* PlayerDetailViewController.swift in Sources */ = {isa = PBXBuildFile; fileRef = DFE9AD781EB0DF6900DEDE8D /* PlayerDetailViewController.swift */; };
/* End PBXBuildFile section */

/* Begin PBXFileReference section */
		07332F0A1EB183D700C71033 /* GamePickerViewController.swift */ = {isa = PBXFileReference; fileEncoding = 4; lastKnownFileType = sourcecode.swift; path = GamePickerViewController.swift; sourceTree = "<group>"; };
		07EDD27D1EB07C7700D4BE50 /* Storyboard Tut1.app */ = {isa = PBXFileReference; explicitFileType = wrapper.application; includeInIndex = 0; path = "Storyboard Tut1.app"; sourceTree = BUILT_PRODUCTS_DIR; };
		07EDD2801EB07C7700D4BE50 /* AppDelegate.swift */ = {isa = PBXFileReference; lastKnownFileType = sourcecode.swift; path = AppDelegate.swift; sourceTree = "<group>"; };
		07EDD2821EB07C7700D4BE50 /* ViewController.swift */ = {isa = PBXFileReference; lastKnownFileType = sourcecode.swift; path = ViewController.swift; sourceTree = "<group>"; };
		07EDD2851EB07C7700D4BE50 /* Base */ = {isa = PBXFileReference; lastKnownFileType = file.storyboard; name = Base; path = Base.lproj/Main.storyboard; sourceTree = "<group>"; };
		07EDD2871EB07C7700D4BE50 /* Assets.xcassets */ = {isa = PBXFileReference; lastKnownFileType = folder.assetcatalog; path = Assets.xcassets; sourceTree = "<group>"; };
		07EDD28A1EB07C7700D4BE50 /* Base */ = {isa = PBXFileReference; lastKnownFileType = file.storyboard; name = Base; path = Base.lproj/LaunchScreen.storyboard; sourceTree = "<group>"; };
		07EDD28C1EB07C7700D4BE50 /* Info.plist */ = {isa = PBXFileReference; lastKnownFileType = text.plist.xml; path = Info.plist; sourceTree = "<group>"; };
		07EDD2921EB0944500D4BE50 /* PlayersViewController.swift */ = {isa = PBXFileReference; fileEncoding = 4; lastKnownFileType = sourcecode.swift; path = PlayersViewController.swift; sourceTree = "<group>"; };
		07EDD2941EB094F700D4BE50 /* Player.swift */ = {isa = PBXFileReference; fileEncoding = 4; lastKnownFileType = sourcecode.swift; path = Player.swift; sourceTree = "<group>"; };
		07EDD2961EB0A06700D4BE50 /* PlayerCell.swift */ = {isa = PBXFileReference; fileEncoding = 4; lastKnownFileType = sourcecode.swift; path = PlayerCell.swift; sourceTree = "<group>"; };
		DFE9AD781EB0DF6900DEDE8D /* PlayerDetailViewController.swift */ = {isa = PBXFileReference; fileEncoding = 4; lastKnownFileType = sourcecode.swift; path = PlayerDetailViewController.swift; sourceTree = "<group>"; };
/* End PBXFileReference section */

/* Begin PBXFrameworksBuildPhase section */
		07EDD27A1EB07C7700D4BE50 /* Frameworks */ = {
			isa = PBXFrameworksBuildPhase;
			buildActionMask = 2147483647;
			files = (
			);
			runOnlyForDeploymentPostprocessing = 0;
		};
/* End PBXFrameworksBuildPhase section */

/* Begin PBXGroup section */
		07EDD2741EB07C7700D4BE50 = {
			isa = PBXGroup;
			children = (
				07EDD27F1EB07C7700D4BE50 /* Storyboard Tut1 */,
				07EDD27E1EB07C7700D4BE50 /* Products */,
			);
			sourceTree = "<group>";
		};
		07EDD27E1EB07C7700D4BE50 /* Products */ = {
			isa = PBXGroup;
			children = (
				07EDD27D1EB07C7700D4BE50 /* Storyboard Tut1.app */,
			);
			name = Products;
			sourceTree = "<group>";
		};
		07EDD27F1EB07C7700D4BE50 /* Storyboard Tut1 */ = {
			isa = PBXGroup;
			children = (
				07EDD2801EB07C7700D4BE50 /* AppDelegate.swift */,
				07EDD2821EB07C7700D4BE50 /* ViewController.swift */,
				07EDD2921EB0944500D4BE50 /* PlayersViewController.swift */,
				DFE9AD781EB0DF6900DEDE8D /* PlayerDetailViewController.swift */,
				07332F0A1EB183D700C71033 /* GamePickerViewController.swift */,
				07EDD2961EB0A06700D4BE50 /* PlayerCell.swift */,
				07EDD2841EB07C7700D4BE50 /* Main.storyboard */,
				07EDD2871EB07C7700D4BE50 /* Assets.xcassets */,
				07EDD2891EB07C7700D4BE50 /* LaunchScreen.storyboard */,
				07EDD28C1EB07C7700D4BE50 /* Info.plist */,
				07EDD2941EB094F700D4BE50 /* Player.swift */,
			);
			path = "Storyboard Tut1";
			sourceTree = "<group>";
		};
/* End PBXGroup section */

/* Begin PBXNativeTarget section */
		07EDD27C1EB07C7700D4BE50 /* Storyboard Tut1 */ = {
			isa = PBXNativeTarget;
			buildConfigurationList = 07EDD28F1EB07C7700D4BE50 /* Build configuration list for PBXNativeTarget "Storyboard Tut1" */;
			buildPhases = (
				07EDD2791EB07C7700D4BE50 /* Sources */,
				07EDD27A1EB07C7700D4BE50 /* Frameworks */,
				07EDD27B1EB07C7700D4BE50 /* Resources */,
			);
			buildRules = (
			);
			dependencies = (
			);
			name = "Storyboard Tut1";
			productName = "Storyboard Tut1";
			productReference = 07EDD27D1EB07C7700D4BE50 /* Storyboard Tut1.app */;
			productType = "com.apple.product-type.application";
		};
/* End PBXNativeTarget section */

/* Begin PBXProject section */
		07EDD2751EB07C7700D4BE50 /* Project object */ = {
			isa = PBXProject;
			attributes = {
				KnownAssetTags = (
					labe,
				);
				LastSwiftUpdateCheck = 0830;
				LastUpgradeCheck = 0830;
				ORGANIZATIONNAME = ThangLQ;
				TargetAttributes = {
					07EDD27C1EB07C7700D4BE50 = {
						CreatedOnToolsVersion = 8.3;
						ProvisioningStyle = Automatic;
					};
				};
			};
			buildConfigurationList = 07EDD2781EB07C7700D4BE50 /* Build configuration list for PBXProject "Storyboard Tut1" */;
			compatibilityVersion = "Xcode 3.2";
			developmentRegion = English;
			hasScannedForEncodings = 0;
			knownRegions = (
				en,
				Base,
			);
			mainGroup = 07EDD2741EB07C7700D4BE50;
			productRefGroup = 07EDD27E1EB07C7700D4BE50 /* Products */;
			projectDirPath = "";
			projectRoot = "";
			targets = (
				07EDD27C1EB07C7700D4BE50 /* Storyboard Tut1 */,
			);
		};
/* End PBXProject section */

/* Begin PBXResourcesBuildPhase section */
		07EDD27B1EB07C7700D4BE50 /* Resources */ = {
			isa = PBXResourcesBuildPhase;
			buildActionMask = 2147483647;
			files = (
				07EDD28B1EB07C7700D4BE50 /* LaunchScreen.storyboard in Resources */,
				07EDD2881EB07C7700D4BE50 /* Assets.xcassets in Resources */,
				07EDD2861EB07C7700D4BE50 /* Main.storyboard in Resources */,
			);
			runOnlyForDeploymentPostprocessing = 0;
		};
/* End PBXResourcesBuildPhase section */

/* Begin PBXSourcesBuildPhase section */
		07EDD2791EB07C7700D4BE50 /* Sources */ = {
			isa = PBXSourcesBuildPhase;
			buildActionMask = 2147483647;
			files = (
				07EDD2951EB094F700D4BE50 /* Player.swift in Sources */,
				07EDD2831EB07C7700D4BE50 /* ViewController.swift in Sources */,
				07332F0B1EB183D700C71033 /* GamePickerViewController.swift in Sources */,
				DFE9AD791EB0DF6900DEDE8D /* PlayerDetailViewController.swift in Sources */,
				07EDD2811EB07C7700D4BE50 /* AppDelegate.swift in Sources */,
				07EDD2931EB0944500D4BE50 /* PlayersViewController.swift in Sources */,
				07EDD2971EB0A06700D4BE50 /* PlayerCell.swift in Sources */,
			);
			runOnlyForDeploymentPostprocessing = 0;
		};
/* End PBXSourcesBuildPhase section */

/* Begin PBXVariantGroup section */
		07EDD2841EB07C7700D4BE50 /* Main.storyboard */ = {
			isa = PBXVariantGroup;
			children = (
				07EDD2851EB07C7700D4BE50 /* Base */,
			);
			name = Main.storyboard;
			sourceTree = "<group>";
		};
		07EDD2891EB07C7700D4BE50 /* LaunchScreen.storyboard */ = {
			isa = PBXVariantGroup;
			children = (
				07EDD28A1EB07C7700D4BE50 /* Base */,
			);
			name = LaunchScreen.storyboard;
			sourceTree = "<group>";
		};
/* End PBXVariantGroup section */

/* Begin XCBuildConfiguration section */
		07EDD28D1EB07C7700D4BE50 /* Debug */ = {
			isa = XCBuildConfiguration;
			buildSettings = {
				ALWAYS_SEARCH_USER_PATHS = NO;
				CLANG_ANALYZER_NONNULL = YES;
				CLANG_ANALYZER_NUMBER_OBJECT_CONVERSION = YES_AGGRESSIVE;
				CLANG_CXX_LANGUAGE_STANDARD = "gnu++0x";
				CLANG_CXX_LIBRARY = "libc++";
				CLANG_ENABLE_MODULES = YES;
				CLANG_ENABLE_OBJC_ARC = YES;
				CLANG_WARN_BOOL_CONVERSION = YES;
				CLANG_WARN_CONSTANT_CONVERSION = YES;
				CLANG_WARN_DIRECT_OBJC_ISA_USAGE = YES_ERROR;
				CLANG_WARN_DOCUMENTATION_COMMENTS = YES;
				CLANG_WARN_EMPTY_BODY = YES;
				CLANG_WARN_ENUM_CONVERSION = YES;
				CLANG_WARN_INFINITE_RECURSION = YES;
				CLANG_WARN_INT_CONVERSION = YES;
				CLANG_WARN_OBJC_ROOT_CLASS = YES_ERROR;
				CLANG_WARN_SUSPICIOUS_MOVE = YES;
				CLANG_WARN_UNREACHABLE_CODE = YES;
				CLANG_WARN__DUPLICATE_METHOD_MATCH = YES;
				"CODE_SIGN_IDENTITY[sdk=iphoneos*]" = "iPhone Developer";
				COPY_PHASE_STRIP = NO;
				DEBUG_INFORMATION_FORMAT = dwarf;
				ENABLE_STRICT_OBJC_MSGSEND = YES;
				ENABLE_TESTABILITY = YES;
				GCC_C_LANGUAGE_STANDARD = gnu99;
				GCC_DYNAMIC_NO_PIC = NO;
				GCC_NO_COMMON_BLOCKS = YES;
				GCC_OPTIMIZATION_LEVEL = 0;
				GCC_PREPROCESSOR_DEFINITIONS = (
					"DEBUG=1",
					"$(inherited)",
				);
				GCC_WARN_64_TO_32_BIT_CONVERSION = YES;
				GCC_WARN_ABOUT_RETURN_TYPE = YES_ERROR;
				GCC_WARN_UNDECLARED_SELECTOR = YES;
				GCC_WARN_UNINITIALIZED_AUTOS = YES_AGGRESSIVE;
				GCC_WARN_UNUSED_FUNCTION = YES;
				GCC_WARN_UNUSED_VARIABLE = YES;
				IPHONEOS_DEPLOYMENT_TARGET = 10.3;
				MTL_ENABLE_DEBUG_INFO = YES;
				ONLY_ACTIVE_ARCH = YES;
				SDKROOT = iphoneos;
				SWIFT_ACTIVE_COMPILATION_CONDITIONS = DEBUG;
				SWIFT_OPTIMIZATION_LEVEL = "-Onone";
				TARGETED_DEVICE_FAMILY = "1,2";
			};
			name = Debug;
		};
		07EDD28E1EB07C7700D4BE50 /* Release */ = {
			isa = XCBuildConfiguration;
			buildSettings = {
				ALWAYS_SEARCH_USER_PATHS = NO;
				CLANG_ANALYZER_NONNULL = YES;
				CLANG_ANALYZER_NUMBER_OBJECT_CONVERSION = YES_AGGRESSIVE;
				CLANG_CXX_LANGUAGE_STANDARD = "gnu++0x";
				CLANG_CXX_LIBRARY = "libc++";
				CLANG_ENABLE_MODULES = YES;
				CLANG_ENABLE_OBJC_ARC = YES;
				CLANG_WARN_BOOL_CONVERSION = YES;
				CLANG_WARN_CONSTANT_CONVERSION = YES;
				CLANG_WARN_DIRECT_OBJC_ISA_USAGE = YES_ERROR;
				CLANG_WARN_DOCUMENTATION_COMMENTS = YES;
				CLANG_WARN_EMPTY_BODY = YES;
				CLANG_WARN_ENUM_CONVERSION = YES;
				CLANG_WARN_INFINITE_RECURSION = YES;
				CLANG_WARN_INT_CONVERSION = YES;
				CLANG_WARN_OBJC_ROOT_CLASS = YES_ERROR;
				CLANG_WARN_SUSPICIOUS_MOVE = YES;
				CLANG_WARN_UNREACHABLE_CODE = YES;
				CLANG_WARN__DUPLICATE_METHOD_MATCH = YES;
				"CODE_SIGN_IDENTITY[sdk=iphoneos*]" = "iPhone Developer";
				COPY_PHASE_STRIP = NO;
				DEBUG_INFORMATION_FORMAT = "dwarf-with-dsym";
				ENABLE_NS_ASSERTIONS = NO;
				ENABLE_STRICT_OBJC_MSGSEND = YES;
				GCC_C_LANGUAGE_STANDARD = gnu99;
				GCC_NO_COMMON_BLOCKS = YES;
				GCC_WARN_64_TO_32_BIT_CONVERSION = YES;
				GCC_WARN_ABOUT_RETURN_TYPE = YES_ERROR;
				GCC_WARN_UNDECLARED_SELECTOR = YES;
				GCC_WARN_UNINITIALIZED_AUTOS = YES_AGGRESSIVE;
				GCC_WARN_UNUSED_FUNCTION = YES;
				GCC_WARN_UNUSED_VARIABLE = YES;
				IPHONEOS_DEPLOYMENT_TARGET = 10.3;
				MTL_ENABLE_DEBUG_INFO = NO;
				SDKROOT = iphoneos;
				SWIFT_OPTIMIZATION_LEVEL = "-Owholemodule";
				TARGETED_DEVICE_FAMILY = "1,2";
				VALIDATE_PRODUCT = YES;
			};
			name = Release;
		};
		07EDD2901EB07C7700D4BE50 /* Debug */ = {
			isa = XCBuildConfiguration;
			buildSettings = {
				ASSETCATALOG_COMPILER_APPICON_NAME = AppIcon;
				INFOPLIST_FILE = "Storyboard Tut1/Info.plist";
				IPHONEOS_DEPLOYMENT_TARGET = 9.3;
				LD_RUNPATH_SEARCH_PATHS = "$(inherited) @executable_path/Frameworks";
				PRODUCT_BUNDLE_IDENTIFIER = "codepro.Storyboard-Tut1";
				PRODUCT_NAME = "$(TARGET_NAME)";
				SWIFT_VERSION = 3.0;
			};
			name = Debug;
		};
		07EDD2911EB07C7700D4BE50 /* Release */ = {
			isa = XCBuildConfiguration;
			buildSettings = {
				ASSETCATALOG_COMPILER_APPICON_NAME = AppIcon;
				INFOPLIST_FILE = "Storyboard Tut1/Info.plist";
				IPHONEOS_DEPLOYMENT_TARGET = 9.3;
				LD_RUNPATH_SEARCH_PATHS = "$(inherited) @executable_path/Frameworks";
				PRODUCT_BUNDLE_IDENTIFIER = "codepro.Storyboard-Tut1";
				PRODUCT_NAME = "$(TARGET_NAME)";
				SWIFT_VERSION = 3.0;
			};
			name = Release;
		};
/* End XCBuildConfiguration section */

/* Begin XCConfigurationList section */
		07EDD2781EB07C7700D4BE50 /* Build configuration list for PBXProject "Storyboard Tut1" */ = {
			isa = XCConfigurationList;
			buildConfigurations = (
				07EDD28D1EB07C7700D4BE50 /* Debug */,
				07EDD28E1EB07C7700D4BE50 /* Release */,
			);
			defaultConfigurationIsVisible = 0;
			defaultConfigurationName = Release;
		};
		07EDD28F1EB07C7700D4BE50 /* Build configuration list for PBXNativeTarget "Storyboard Tut1" */ = {
			isa = XCConfigurationList;
			buildConfigurations = (
				07EDD2901EB07C7700D4BE50 /* Debug */,
				07EDD2911EB07C7700D4BE50 /* Release */,
			);
			defaultConfigurationIsVisible = 0;
			defaultConfigurationName = Release;
		};
/* End XCConfigurationList section */
	};
	rootObject = 07EDD2751EB07C7700D4BE50 /* Project object */;
}
